
Microsoft Visual Studio Solution File, Format Version 12.00
# Visual Studio 15
Project("{FAE04EC0-301F-11D3-BF4B-00C04F79EFBC}") = "Assembly-CSharp", "Assembly-CSharp.csproj", "{800B9E97-2516-D268-5D72-F5E1A2861224}"
EndProject
Global
	GlobalSection(SolutionConfigurationPlatforms) = preSolution
		Debug|Any CPU = Debug|Any CPU
		Release|Any CPU = Release|Any CPU
	EndGlobalSection
	GlobalSection(ProjectConfigurationPlatforms) = postSolution
		{800B9E97-2516-D268-5D72-F5E1A2861224}.Debug|Any CPU.ActiveCfg = Debug|Any CPU
		{800B9E97-2516-D268-5D72-F5E1A2861224}.Debug|Any CPU.Build.0 = Debug|Any CPU
		{800B9E97-2516-D268-5D72-F5E1A2861224}.Release|Any CPU.ActiveCfg = Release|Any CPU
		{800B9E97-2516-D268-5D72-F5E1A2861224}.Release|Any CPU.Build.0 = Release|Any CPU
	EndGlobalSection
	GlobalSection(SolutionProperties) = preSolution
		HideSolutionNode = FALSE
	EndGlobalSection
EndGlobal
